// !$*UTF8*$!
{
	archiveVersion = 1;
	classes = {
	};
	objectVersion = 56;
	objects = {

/* Begin PBXBuildFile section */
		324DB37F29712DEF005FFA49 /* BreadboardApp.swift in Sources */ = {isa = PBXBuildFile; fileRef = 324DB37E29712DEF005FFA49 /* BreadboardApp.swift */; };
		324DB38129712DEF005FFA49 /* ContentView.swift in Sources */ = {isa = PBXBuildFile; fileRef = 324DB38029712DEF005FFA49 /* ContentView.swift */; };
		324DB38329712DF0005FFA49 /* Assets.xcassets in Resources */ = {isa = PBXBuildFile; fileRef = 324DB38229712DF0005FFA49 /* Assets.xcassets */; };
		324DB38729712DF0005FFA49 /* Preview Assets.xcassets in Resources */ = {isa = PBXBuildFile; fileRef = 324DB38629712DF0005FFA49 /* Preview Assets.xcassets */; };
		324DB39129712DF0005FFA49 /* BreadboardTests.swift in Sources */ = {isa = PBXBuildFile; fileRef = 324DB39029712DF0005FFA49 /* BreadboardTests.swift */; };
		324DB39B29712DF0005FFA49 /* BreadboardUITests.swift in Sources */ = {isa = PBXBuildFile; fileRef = 324DB39A29712DF0005FFA49 /* BreadboardUITests.swift */; };
		324DB39D29712DF0005FFA49 /* BreadboardUITestsLaunchTests.swift in Sources */ = {isa = PBXBuildFile; fileRef = 324DB39C29712DF0005FFA49 /* BreadboardUITestsLaunchTests.swift */; };
/* End PBXBuildFile section */

/* Begin PBXContainerItemProxy section */
		324DB38D29712DF0005FFA49 /* PBXContainerItemProxy */ = {
			isa = PBXContainerItemProxy;
			containerPortal = 324DB37329712DEF005FFA49 /* Project object */;
			proxyType = 1;
			remoteGlobalIDString = 324DB37A29712DEF005FFA49;
			remoteInfo = Breadboard;
		};
		324DB39729712DF0005FFA49 /* PBXContainerItemProxy */ = {
			isa = PBXContainerItemProxy;
			containerPortal = 324DB37329712DEF005FFA49 /* Project object */;
			proxyType = 1;
			remoteGlobalIDString = 324DB37A29712DEF005FFA49;
			remoteInfo = Breadboard;
		};
/* End PBXContainerItemProxy section */

/* Begin PBXFileReference section */
		324DB37B29712DEF005FFA49 /* Breadboard.app */ = {isa = PBXFileReference; explicitFileType = wrapper.application; includeInIndex = 0; path = Breadboard.app; sourceTree = BUILT_PRODUCTS_DIR; };
		324DB37E29712DEF005FFA49 /* BreadboardApp.swift */ = {isa = PBXFileReference; lastKnownFileType = sourcecode.swift; path = BreadboardApp.swift; sourceTree = "<group>"; };
		324DB38029712DEF005FFA49 /* ContentView.swift */ = {isa = PBXFileReference; lastKnownFileType = sourcecode.swift; path = ContentView.swift; sourceTree = "<group>"; };
		324DB38229712DF0005FFA49 /* Assets.xcassets */ = {isa = PBXFileReference; lastKnownFileType = folder.assetcatalog; path = Assets.xcassets; sourceTree = "<group>"; };
		324DB38429712DF0005FFA49 /* Breadboard.entitlements */ = {isa = PBXFileReference; lastKnownFileType = text.plist.entitlements; path = Breadboard.entitlements; sourceTree = "<group>"; };
		324DB38629712DF0005FFA49 /* Preview Assets.xcassets */ = {isa = PBXFileReference; lastKnownFileType = folder.assetcatalog; path = "Preview Assets.xcassets"; sourceTree = "<group>"; };
		324DB38C29712DF0005FFA49 /* BreadboardTests.xctest */ = {isa = PBXFileReference; explicitFileType = wrapper.cfbundle; includeInIndex = 0; path = BreadboardTests.xctest; sourceTree = BUILT_PRODUCTS_DIR; };
		324DB39029712DF0005FFA49 /* BreadboardTests.swift */ = {isa = PBXFileReference; lastKnownFileType = sourcecode.swift; path = BreadboardTests.swift; sourceTree = "<group>"; };
		324DB39629712DF0005FFA49 /* BreadboardUITests.xctest */ = {isa = PBXFileReference; explicitFileType = wrapper.cfbundle; includeInIndex = 0; path = BreadboardUITests.xctest; sourceTree = BUILT_PRODUCTS_DIR; };
		324DB39A29712DF0005FFA49 /* BreadboardUITests.swift */ = {isa = PBXFileReference; lastKnownFileType = sourcecode.swift; path = BreadboardUITests.swift; sourceTree = "<group>"; };
		324DB39C29712DF0005FFA49 /* BreadboardUITestsLaunchTests.swift */ = {isa = PBXFileReference; lastKnownFileType = sourcecode.swift; path = BreadboardUITestsLaunchTests.swift; sourceTree = "<group>"; };
/* End PBXFileReference section */

/* Begin PBXFrameworksBuildPhase section */
		324DB37829712DEF005FFA49 /* Frameworks */ = {
			isa = PBXFrameworksBuildPhase;
			buildActionMask = 2147483647;
			files = (
			);
			runOnlyForDeploymentPostprocessing = 0;
		};
		324DB38929712DF0005FFA49 /* Frameworks */ = {
			isa = PBXFrameworksBuildPhase;
			buildActionMask = 2147483647;
			files = (
			);
			runOnlyForDeploymentPostprocessing = 0;
		};
		324DB39329712DF0005FFA49 /* Frameworks */ = {
			isa = PBXFrameworksBuildPhase;
			buildActionMask = 2147483647;
			files = (
			);
			runOnlyForDeploymentPostprocessing = 0;
		};
/* End PBXFrameworksBuildPhase section */

/* Begin PBXGroup section */
		324DB37229712DEF005FFA49 = {
			isa = PBXGroup;
			children = (
				324DB37D29712DEF005FFA49 /* Breadboard */,
				324DB38F29712DF0005FFA49 /* BreadboardTests */,
				324DB39929712DF0005FFA49 /* BreadboardUITests */,
				324DB37C29712DEF005FFA49 /* Products */,
			);
			sourceTree = "<group>";
		};
		324DB37C29712DEF005FFA49 /* Products */ = {
			isa = PBXGroup;
			children = (
				324DB37B29712DEF005FFA49 /* Breadboard.app */,
				324DB38C29712DF0005FFA49 /* BreadboardTests.xctest */,
				324DB39629712DF0005FFA49 /* BreadboardUITests.xctest */,
			);
			name = Products;
			sourceTree = "<group>";
		};
		324DB37D29712DEF005FFA49 /* Breadboard */ = {
			isa = PBXGroup;
			children = (
				324DB37E29712DEF005FFA49 /* BreadboardApp.swift */,
				324DB38029712DEF005FFA49 /* ContentView.swift */,
				324DB38229712DF0005FFA49 /* Assets.xcassets */,
				324DB38429712DF0005FFA49 /* Breadboard.entitlements */,
				324DB38529712DF0005FFA49 /* Preview Content */,
			);
			path = Breadboard;
			sourceTree = "<group>";
		};
		324DB38529712DF0005FFA49 /* Preview Content */ = {
			isa = PBXGroup;
			children = (
				324DB38629712DF0005FFA49 /* Preview Assets.xcassets */,
			);
			path = "Preview Content";
			sourceTree = "<group>";
		};
		324DB38F29712DF0005FFA49 /* BreadboardTests */ = {
			isa = PBXGroup;
			children = (
				324DB39029712DF0005FFA49 /* BreadboardTests.swift */,
			);
			path = BreadboardTests;
			sourceTree = "<group>";
		};
		324DB39929712DF0005FFA49 /* BreadboardUITests */ = {
			isa = PBXGroup;
			children = (
				324DB39A29712DF0005FFA49 /* BreadboardUITests.swift */,
				324DB39C29712DF0005FFA49 /* BreadboardUITestsLaunchTests.swift */,
			);
			path = BreadboardUITests;
			sourceTree = "<group>";
		};
/* End PBXGroup section */

/* Begin PBXNativeTarget section */
		324DB37A29712DEF005FFA49 /* Breadboard */ = {
			isa = PBXNativeTarget;
			buildConfigurationList = 324DB3A029712DF0005FFA49 /* Build configuration list for PBXNativeTarget "Breadboard" */;
			buildPhases = (
				324DB37729712DEF005FFA49 /* Sources */,
				324DB37829712DEF005FFA49 /* Frameworks */,
				324DB37929712DEF005FFA49 /* Resources */,
			);
			buildRules = (
			);
			dependencies = (
			);
			name = Breadboard;
			productName = Breadboard;
			productReference = 324DB37B29712DEF005FFA49 /* Breadboard.app */;
			productType = "com.apple.product-type.application";
		};
		324DB38B29712DF0005FFA49 /* BreadboardTests */ = {
			isa = PBXNativeTarget;
			buildConfigurationList = 324DB3A329712DF0005FFA49 /* Build configuration list for PBXNativeTarget "BreadboardTests" */;
			buildPhases = (
				324DB38829712DF0005FFA49 /* Sources */,
				324DB38929712DF0005FFA49 /* Frameworks */,
				324DB38A29712DF0005FFA49 /* Resources */,
			);
			buildRules = (
			);
			dependencies = (
				324DB38E29712DF0005FFA49 /* PBXTargetDependency */,
			);
			name = BreadboardTests;
			productName = BreadboardTests;
			productReference = 324DB38C29712DF0005FFA49 /* BreadboardTests.xctest */;
			productType = "com.apple.product-type.bundle.unit-test";
		};
		324DB39529712DF0005FFA49 /* BreadboardUITests */ = {
			isa = PBXNativeTarget;
			buildConfigurationList = 324DB3A629712DF0005FFA49 /* Build configuration list for PBXNativeTarget "BreadboardUITests" */;
			buildPhases = (
				324DB39229712DF0005FFA49 /* Sources */,
				324DB39329712DF0005FFA49 /* Frameworks */,
				324DB39429712DF0005FFA49 /* Resources */,
			);
			buildRules = (
			);
			dependencies = (
				324DB39829712DF0005FFA49 /* PBXTargetDependency */,
			);
			name = BreadboardUITests;
			productName = BreadboardUITests;
			productReference = 324DB39629712DF0005FFA49 /* BreadboardUITests.xctest */;
			productType = "com.apple.product-type.bundle.ui-testing";
		};
/* End PBXNativeTarget section */

/* Begin PBXProject section */
		324DB37329712DEF005FFA49 /* Project object */ = {
			isa = PBXProject;
			attributes = {
				BuildIndependentTargetsInParallel = 1;
				LastSwiftUpdateCheck = 1420;
				LastUpgradeCheck = 1420;
				TargetAttributes = {
					324DB37A29712DEF005FFA49 = {
						CreatedOnToolsVersion = 14.2;
					};
					324DB38B29712DF0005FFA49 = {
						CreatedOnToolsVersion = 14.2;
						TestTargetID = 324DB37A29712DEF005FFA49;
					};
					324DB39529712DF0005FFA49 = {
						CreatedOnToolsVersion = 14.2;
						TestTargetID = 324DB37A29712DEF005FFA49;
					};
				};
			};
			buildConfigurationList = 324DB37629712DEF005FFA49 /* Build configuration list for PBXProject "Breadboard" */;
			compatibilityVersion = "Xcode 14.0";
			developmentRegion = en;
			hasScannedForEncodings = 0;
			knownRegions = (
				en,
				Base,
			);
			mainGroup = 324DB37229712DEF005FFA49;
			productRefGroup = 324DB37C29712DEF005FFA49 /* Products */;
			projectDirPath = "";
			projectRoot = "";
			targets = (
				324DB37A29712DEF005FFA49 /* Breadboard */,
				324DB38B29712DF0005FFA49 /* BreadboardTests */,
				324DB39529712DF0005FFA49 /* BreadboardUITests */,
			);
		};
/* End PBXProject section */

/* Begin PBXResourcesBuildPhase section */
		324DB37929712DEF005FFA49 /* Resources */ = {
			isa = PBXResourcesBuildPhase;
			buildActionMask = 2147483647;
			files = (
				324DB38729712DF0005FFA49 /* Preview Assets.xcassets in Resources */,
				324DB38329712DF0005FFA49 /* Assets.xcassets in Resources */,
			);
			runOnlyForDeploymentPostprocessing = 0;
		};
		324DB38A29712DF0005FFA49 /* Resources */ = {
			isa = PBXResourcesBuildPhase;
			buildActionMask = 2147483647;
			files = (
			);
			runOnlyForDeploymentPostprocessing = 0;
		};
		324DB39429712DF0005FFA49 /* Resources */ = {
			isa = PBXResourcesBuildPhase;
			buildActionMask = 2147483647;
			files = (
			);
			runOnlyForDeploymentPostprocessing = 0;
		};
/* End PBXResourcesBuildPhase section */

/* Begin PBXSourcesBuildPhase section */
		324DB37729712DEF005FFA49 /* Sources */ = {
			isa = PBXSourcesBuildPhase;
			buildActionMask = 2147483647;
			files = (
				324DB38129712DEF005FFA49 /* ContentView.swift in Sources */,
				324DB37F29712DEF005FFA49 /* BreadboardApp.swift in Sources */,
			);
			runOnlyForDeploymentPostprocessing = 0;
		};
		324DB38829712DF0005FFA49 /* Sources */ = {
			isa = PBXSourcesBuildPhase;
			buildActionMask = 2147483647;
			files = (
				324DB39129712DF0005FFA49 /* BreadboardTests.swift in Sources */,
			);
			runOnlyForDeploymentPostprocessing = 0;
		};
		324DB39229712DF0005FFA49 /* Sources */ = {
			isa = PBXSourcesBuildPhase;
			buildActionMask = 2147483647;
			files = (
				324DB39D29712DF0005FFA49 /* BreadboardUITestsLaunchTests.swift in Sources */,
				324DB39B29712DF0005FFA49 /* BreadboardUITests.swift in Sources */,
			);
			runOnlyForDeploymentPostprocessing = 0;
		};
/* End PBXSourcesBuildPhase section */

/* Begin PBXTargetDependency section */
		324DB38E29712DF0005FFA49 /* PBXTargetDependency */ = {
			isa = PBXTargetDependency;
			target = 324DB37A29712DEF005FFA49 /* Breadboard */;
			targetProxy = 324DB38D29712DF0005FFA49 /* PBXContainerItemProxy */;
		};
		324DB39829712DF0005FFA49 /* PBXTargetDependency */ = {
			isa = PBXTargetDependency;
			target = 324DB37A29712DEF005FFA49 /* Breadboard */;
			targetProxy = 324DB39729712DF0005FFA49 /* PBXContainerItemProxy */;
		};
/* End PBXTargetDependency section */

/* Begin XCBuildConfiguration section */
		324DB39E29712DF0005FFA49 /* Debug */ = {
			isa = XCBuildConfiguration;
			buildSettings = {
				ALWAYS_SEARCH_USER_PATHS = NO;
				CLANG_ANALYZER_NONNULL = YES;
				CLANG_ANALYZER_NUMBER_OBJECT_CONVERSION = YES_AGGRESSIVE;
				CLANG_CXX_LANGUAGE_STANDARD = "gnu++20";
				CLANG_ENABLE_MODULES = YES;
				CLANG_ENABLE_OBJC_ARC = YES;
				CLANG_ENABLE_OBJC_WEAK = YES;
				CLANG_WARN_BLOCK_CAPTURE_AUTORELEASING = YES;
				CLANG_WARN_BOOL_CONVERSION = YES;
				CLANG_WARN_COMMA = YES;
				CLANG_WARN_CONSTANT_CONVERSION = YES;
				CLANG_WARN_DEPRECATED_OBJC_IMPLEMENTATIONS = YES;
				CLANG_WARN_DIRECT_OBJC_ISA_USAGE = YES_ERROR;
				CLANG_WARN_DOCUMENTATION_COMMENTS = YES;
				CLANG_WARN_EMPTY_BODY = YES;
				CLANG_WARN_ENUM_CONVERSION = YES;
				CLANG_WARN_INFINITE_RECURSION = YES;
				CLANG_WARN_INT_CONVERSION = YES;
				CLANG_WARN_NON_LITERAL_NULL_CONVERSION = YES;
				CLANG_WARN_OBJC_IMPLICIT_RETAIN_SELF = YES;
				CLANG_WARN_OBJC_LITERAL_CONVERSION = YES;
				CLANG_WARN_OBJC_ROOT_CLASS = YES_ERROR;
				CLANG_WARN_QUOTED_INCLUDE_IN_FRAMEWORK_HEADER = YES;
				CLANG_WARN_RANGE_LOOP_ANALYSIS = YES;
				CLANG_WARN_STRICT_PROTOTYPES = YES;
				CLANG_WARN_SUSPICIOUS_MOVE = YES;
				CLANG_WARN_UNGUARDED_AVAILABILITY = YES_AGGRESSIVE;
				CLANG_WARN_UNREACHABLE_CODE = YES;
				CLANG_WARN__DUPLICATE_METHOD_MATCH = YES;
				COPY_PHASE_STRIP = NO;
				DEBUG_INFORMATION_FORMAT = dwarf;
				ENABLE_STRICT_OBJC_MSGSEND = YES;
				ENABLE_TESTABILITY = YES;
				GCC_C_LANGUAGE_STANDARD = gnu11;
				GCC_DYNAMIC_NO_PIC = NO;
				GCC_NO_COMMON_BLOCKS = YES;
				GCC_OPTIMIZATION_LEVEL = 0;
				GCC_PREPROCESSOR_DEFINITIONS = (
					"DEBUG=1",
					"$(inherited)",
				);
				GCC_WARN_64_TO_32_BIT_CONVERSION = YES;
				GCC_WARN_ABOUT_RETURN_TYPE = YES_ERROR;
				GCC_WARN_UNDECLARED_SELECTOR = YES;
				GCC_WARN_UNINITIALIZED_AUTOS = YES_AGGRESSIVE;
				GCC_WARN_UNUSED_FUNCTION = YES;
				GCC_WARN_UNUSED_VARIABLE = YES;
				MTL_ENABLE_DEBUG_INFO = INCLUDE_SOURCE;
				MTL_FAST_MATH = YES;
				ONLY_ACTIVE_ARCH = YES;
				SWIFT_ACTIVE_COMPILATION_CONDITIONS = DEBUG;
				SWIFT_OPTIMIZATION_LEVEL = "-Onone";
			};
			name = Debug;
		};
		324DB39F29712DF0005FFA49 /* Release */ = {
			isa = XCBuildConfiguration;
			buildSettings = {
				ALWAYS_SEARCH_USER_PATHS = NO;
				CLANG_ANALYZER_NONNULL = YES;
				CLANG_ANALYZER_NUMBER_OBJECT_CONVERSION = YES_AGGRESSIVE;
				CLANG_CXX_LANGUAGE_STANDARD = "gnu++20";
				CLANG_ENABLE_MODULES = YES;
				CLANG_ENABLE_OBJC_ARC = YES;
				CLANG_ENABLE_OBJC_WEAK = YES;
				CLANG_WARN_BLOCK_CAPTURE_AUTORELEASING = YES;
				CLANG_WARN_BOOL_CONVERSION = YES;
				CLANG_WARN_COMMA = YES;
				CLANG_WARN_CONSTANT_CONVERSION = YES;
				CLANG_WARN_DEPRECATED_OBJC_IMPLEMENTATIONS = YES;
				CLANG_WARN_DIRECT_OBJC_ISA_USAGE = YES_ERROR;
				CLANG_WARN_DOCUMENTATION_COMMENTS = YES;
				CLANG_WARN_EMPTY_BODY = YES;
				CLANG_WARN_ENUM_CONVERSION = YES;
				CLANG_WARN_INFINITE_RECURSION = YES;
				CLANG_WARN_INT_CONVERSION = YES;
				CLANG_WARN_NON_LITERAL_NULL_CONVERSION = YES;
				CLANG_WARN_OBJC_IMPLICIT_RETAIN_SELF = YES;
				CLANG_WARN_OBJC_LITERAL_CONVERSION = YES;
				CLANG_WARN_OBJC_ROOT_CLASS = YES_ERROR;
				CLANG_WARN_QUOTED_INCLUDE_IN_FRAMEWORK_HEADER = YES;
				CLANG_WARN_RANGE_LOOP_ANALYSIS = YES;
				CLANG_WARN_STRICT_PROTOTYPES = YES;
				CLANG_WARN_SUSPICIOUS_MOVE = YES;
				CLANG_WARN_UNGUARDED_AVAILABILITY = YES_AGGRESSIVE;
				CLANG_WARN_UNREACHABLE_CODE = YES;
				CLANG_WARN__DUPLICATE_METHOD_MATCH = YES;
				COPY_PHASE_STRIP = NO;
				DEBUG_INFORMATION_FORMAT = "dwarf-with-dsym";
				ENABLE_NS_ASSERTIONS = NO;
				ENABLE_STRICT_OBJC_MSGSEND = YES;
				GCC_C_LANGUAGE_STANDARD = gnu11;
				GCC_NO_COMMON_BLOCKS = YES;
				GCC_WARN_64_TO_32_BIT_CONVERSION = YES;
				GCC_WARN_ABOUT_RETURN_TYPE = YES_ERROR;
				GCC_WARN_UNDECLARED_SELECTOR = YES;
				GCC_WARN_UNINITIALIZED_AUTOS = YES_AGGRESSIVE;
				GCC_WARN_UNUSED_FUNCTION = YES;
				GCC_WARN_UNUSED_VARIABLE = YES;
				MTL_ENABLE_DEBUG_INFO = NO;
				MTL_FAST_MATH = YES;
				SWIFT_COMPILATION_MODE = wholemodule;
				SWIFT_OPTIMIZATION_LEVEL = "-O";
			};
			name = Release;
		};
		324DB3A129712DF0005FFA49 /* Debug */ = {
			isa = XCBuildConfiguration;
			buildSettings = {
				ASSETCATALOG_COMPILER_APPICON_NAME = AppIcon;
				ASSETCATALOG_COMPILER_GLOBAL_ACCENT_COLOR_NAME = AccentColor;
				CODE_SIGN_ENTITLEMENTS = Breadboard/Breadboard.entitlements;
				CODE_SIGN_STYLE = Automatic;
				CURRENT_PROJECT_VERSION = 1;
				DEVELOPMENT_ASSET_PATHS = "\"Breadboard/Preview Content\"";
				DEVELOPMENT_TEAM = 5RQ5E5NW65;
				ENABLE_HARDENED_RUNTIME = YES;
				ENABLE_PREVIEWS = YES;
				GENERATE_INFOPLIST_FILE = YES;
				"INFOPLIST_KEY_UIApplicationSceneManifest_Generation[sdk=iphoneos*]" = YES;
				"INFOPLIST_KEY_UIApplicationSceneManifest_Generation[sdk=iphonesimulator*]" = YES;
				"INFOPLIST_KEY_UIApplicationSupportsIndirectInputEvents[sdk=iphoneos*]" = YES;
				"INFOPLIST_KEY_UIApplicationSupportsIndirectInputEvents[sdk=iphonesimulator*]" = YES;
				"INFOPLIST_KEY_UILaunchScreen_Generation[sdk=iphoneos*]" = YES;
				"INFOPLIST_KEY_UILaunchScreen_Generation[sdk=iphonesimulator*]" = YES;
				"INFOPLIST_KEY_UIStatusBarStyle[sdk=iphoneos*]" = UIStatusBarStyleDefault;
				"INFOPLIST_KEY_UIStatusBarStyle[sdk=iphonesimulator*]" = UIStatusBarStyleDefault;
				INFOPLIST_KEY_UISupportedInterfaceOrientations_iPad = "UIInterfaceOrientationPortrait UIInterfaceOrientationPortraitUpsideDown UIInterfaceOrientationLandscapeLeft UIInterfaceOrientationLandscapeRight";
				INFOPLIST_KEY_UISupportedInterfaceOrientations_iPhone = "UIInterfaceOrientationPortrait UIInterfaceOrientationLandscapeLeft UIInterfaceOrientationLandscapeRight";
				IPHONEOS_DEPLOYMENT_TARGET = 16.2;
				LD_RUNPATH_SEARCH_PATHS = "@executable_path/Frameworks";
				"LD_RUNPATH_SEARCH_PATHS[sdk=macosx*]" = "@executable_path/../Frameworks";
				MACOSX_DEPLOYMENT_TARGET = 13.0;
				MARKETING_VERSION = 1.0;
				PRODUCT_BUNDLE_IDENTIFIER = com.mindsensehq.Breadboard;
				PRODUCT_NAME = "$(TARGET_NAME)";
				SDKROOT = auto;
				SUPPORTED_PLATFORMS = "iphoneos iphonesimulator macosx";
				SWIFT_EMIT_LOC_STRINGS = YES;
				SWIFT_VERSION = 5.0;
				TARGETED_DEVICE_FAMILY = "1,2";
			};
			name = Debug;
		};
		324DB3A229712DF0005FFA49 /* Release */ = {
			isa = XCBuildConfiguration;
			buildSettings = {
				ASSETCATALOG_COMPILER_APPICON_NAME = AppIcon;
				ASSETCATALOG_COMPILER_GLOBAL_ACCENT_COLOR_NAME = AccentColor;
				CODE_SIGN_ENTITLEMENTS = Breadboard/Breadboard.entitlements;
				CODE_SIGN_STYLE = Automatic;
				CURRENT_PROJECT_VERSION = 1;
				DEVELOPMENT_ASSET_PATHS = "\"Breadboard/Preview Content\"";
				DEVELOPMENT_TEAM = 5RQ5E5NW65;
				ENABLE_HARDENED_RUNTIME = YES;
				ENABLE_PREVIEWS = YES;
				GENERATE_INFOPLIST_FILE = YES;
				"INFOPLIST_KEY_UIApplicationSceneManifest_Generation[sdk=iphoneos*]" = YES;
				"INFOPLIST_KEY_UIApplicationSceneManifest_Generation[sdk=iphonesimulator*]" = YES;
				"INFOPLIST_KEY_UIApplicationSupportsIndirectInputEvents[sdk=iphoneos*]" = YES;
				"INFOPLIST_KEY_UIApplicationSupportsIndirectInputEvents[sdk=iphonesimulator*]" = YES;
				"INFOPLIST_KEY_UILaunchScreen_Generation[sdk=iphoneos*]" = YES;
				"INFOPLIST_KEY_UILaunchScreen_Generation[sdk=iphonesimulator*]" = YES;
				"INFOPLIST_KEY_UIStatusBarStyle[sdk=iphoneos*]" = UIStatusBarStyleDefault;
				"INFOPLIST_KEY_UIStatusBarStyle[sdk=iphonesimulator*]" = UIStatusBarStyleDefault;
				INFOPLIST_KEY_UISupportedInterfaceOrientations_iPad = "UIInterfaceOrientationPortrait UIInterfaceOrientationPortraitUpsideDown UIInterfaceOrientationLandscapeLeft UIInterfaceOrientationLandscapeRight";
				INFOPLIST_KEY_UISupportedInterfaceOrientations_iPhone = "UIInterfaceOrientationPortrait UIInterfaceOrientationLandscapeLeft UIInterfaceOrientationLandscapeRight";
				IPHONEOS_DEPLOYMENT_TARGET = 16.2;
				LD_RUNPATH_SEARCH_PATHS = "@executable_path/Frameworks";
				"LD_RUNPATH_SEARCH_PATHS[sdk=macosx*]" = "@executable_path/../Frameworks";
				MACOSX_DEPLOYMENT_TARGET = 13.0;
				MARKETING_VERSION = 1.0;
				PRODUCT_BUNDLE_IDENTIFIER = com.mindsensehq.Breadboard;
				PRODUCT_NAME = "$(TARGET_NAME)";
				SDKROOT = auto;
				SUPPORTED_PLATFORMS = "iphoneos iphonesimulator macosx";
				SWIFT_EMIT_LOC_STRINGS = YES;
				SWIFT_VERSION = 5.0;
				TARGETED_DEVICE_FAMILY = "1,2";
			};
			name = Release;
		};
		324DB3A429712DF0005FFA49 /* Debug */ = {
			isa = XCBuildConfiguration;
			buildSettings = {
				ALWAYS_EMBED_SWIFT_STANDARD_LIBRARIES = YES;
				BUNDLE_LOADER = "$(TEST_HOST)";
				CODE_SIGN_STYLE = Automatic;
				CURRENT_PROJECT_VERSION = 1;
				DEVELOPMENT_TEAM = 5RQ5E5NW65;
				GENERATE_INFOPLIST_FILE = YES;
				IPHONEOS_DEPLOYMENT_TARGET = 16.2;
				MACOSX_DEPLOYMENT_TARGET = 13.0;
				MARKETING_VERSION = 1.0;
				PRODUCT_BUNDLE_IDENTIFIER = com.mindsensehq.BreadboardTests;
				PRODUCT_NAME = "$(TARGET_NAME)";
				SDKROOT = auto;
				SUPPORTED_PLATFORMS = "iphoneos iphonesimulator macosx";
				SWIFT_EMIT_LOC_STRINGS = NO;
				SWIFT_VERSION = 5.0;
				TARGETED_DEVICE_FAMILY = "1,2";
				TEST_HOST = "$(BUILT_PRODUCTS_DIR)/Breadboard.app/$(BUNDLE_EXECUTABLE_FOLDER_PATH)/Breadboard";
			};
			name = Debug;
		};
		324DB3A529712DF0005FFA49 /* Release */ = {
			isa = XCBuildConfiguration;
			buildSettings = {
				ALWAYS_EMBED_SWIFT_STANDARD_LIBRARIES = YES;
				BUNDLE_LOADER = "$(TEST_HOST)";
				CODE_SIGN_STYLE = Automatic;
				CURRENT_PROJECT_VERSION = 1;
				DEVELOPMENT_TEAM = 5RQ5E5NW65;
				GENERATE_INFOPLIST_FILE = YES;
				IPHONEOS_DEPLOYMENT_TARGET = 16.2;
				MACOSX_DEPLOYMENT_TARGET = 13.0;
				MARKETING_VERSION = 1.0;
				PRODUCT_BUNDLE_IDENTIFIER = com.mindsensehq.BreadboardTests;
				PRODUCT_NAME = "$(TARGET_NAME)";
				SDKROOT = auto;
				SUPPORTED_PLATFORMS = "iphoneos iphonesimulator macosx";
				SWIFT_EMIT_LOC_STRINGS = NO;
				SWIFT_VERSION = 5.0;
				TARGETED_DEVICE_FAMILY = "1,2";
				TEST_HOST = "$(BUILT_PRODUCTS_DIR)/Breadboard.app/$(BUNDLE_EXECUTABLE_FOLDER_PATH)/Breadboard";
			};
			name = Release;
		};
		324DB3A729712DF0005FFA49 /* Debug */ = {
			isa = XCBuildConfiguration;
			buildSettings = {
				ALWAYS_EMBED_SWIFT_STANDARD_LIBRARIES = YES;
				CODE_SIGN_STYLE = Automatic;
				CURRENT_PROJECT_VERSION = 1;
				DEVELOPMENT_TEAM = 5RQ5E5NW65;
				GENERATE_INFOPLIST_FILE = YES;
				IPHONEOS_DEPLOYMENT_TARGET = 16.2;
				MACOSX_DEPLOYMENT_TARGET = 13.0;
				MARKETING_VERSION = 1.0;
				PRODUCT_BUNDLE_IDENTIFIER = com.mindsensehq.BreadboardUITests;
				PRODUCT_NAME = "$(TARGET_NAME)";
				SDKROOT = auto;
				SUPPORTED_PLATFORMS = "iphoneos iphonesimulator macosx";
				SWIFT_EMIT_LOC_STRINGS = NO;
				SWIFT_VERSION = 5.0;
				TARGETED_DEVICE_FAMILY = "1,2";
				TEST_TARGET_NAME = Breadboard;
			};
			name = Debug;
		};
		324DB3A829712DF0005FFA49 /* Release */ = {
			isa = XCBuildConfiguration;
			buildSettings = {
				ALWAYS_EMBED_SWIFT_STANDARD_LIBRARIES = YES;
				CODE_SIGN_STYLE = Automatic;
				CURRENT_PROJECT_VERSION = 1;
				DEVELOPMENT_TEAM = 5RQ5E5NW65;
				GENERATE_INFOPLIST_FILE = YES;
				IPHONEOS_DEPLOYMENT_TARGET = 16.2;
				MACOSX_DEPLOYMENT_TARGET = 13.0;
				MARKETING_VERSION = 1.0;
				PRODUCT_BUNDLE_IDENTIFIER = com.mindsensehq.BreadboardUITests;
				PRODUCT_NAME = "$(TARGET_NAME)";
				SDKROOT = auto;
				SUPPORTED_PLATFORMS = "iphoneos iphonesimulator macosx";
				SWIFT_EMIT_LOC_STRINGS = NO;
				SWIFT_VERSION = 5.0;
				TARGETED_DEVICE_FAMILY = "1,2";
				TEST_TARGET_NAME = Breadboard;
			};
			name = Release;
		};
/* End XCBuildConfiguration section */

/* Begin XCConfigurationList section */
		324DB37629712DEF005FFA49 /* Build configuration list for PBXProject "Breadboard" */ = {
			isa = XCConfigurationList;
			buildConfigurations = (
				324DB39E29712DF0005FFA49 /* Debug */,
				324DB39F29712DF0005FFA49 /* Release */,
			);
			defaultConfigurationIsVisible = 0;
			defaultConfigurationName = Release;
		};
		324DB3A029712DF0005FFA49 /* Build configuration list for PBXNativeTarget "Breadboard" */ = {
			isa = XCConfigurationList;
			buildConfigurations = (
				324DB3A129712DF0005FFA49 /* Debug */,
				324DB3A229712DF0005FFA49 /* Release */,
			);
			defaultConfigurationIsVisible = 0;
			defaultConfigurationName = Release;
		};
		324DB3A329712DF0005FFA49 /* Build configuration list for PBXNativeTarget "BreadboardTests" */ = {
			isa = XCConfigurationList;
			buildConfigurations = (
				324DB3A429712DF0005FFA49 /* Debug */,
				324DB3A529712DF0005FFA49 /* Release */,
			);
			defaultConfigurationIsVisible = 0;
			defaultConfigurationName = Release;
		};
		324DB3A629712DF0005FFA49 /* Build configuration list for PBXNativeTarget "BreadboardUITests" */ = {
			isa = XCConfigurationList;
			buildConfigurations = (
				324DB3A729712DF0005FFA49 /* Debug */,
				324DB3A829712DF0005FFA49 /* Release */,
			);
			defaultConfigurationIsVisible = 0;
			defaultConfigurationName = Release;
		};
/* End XCConfigurationList section */
	};
	rootObject = 324DB37329712DEF005FFA49 /* Project object */;
}
